
Microsoft Visual Studio Solution File, Format Version 12.00
# Visual Studio Version 17
VisualStudioVersion = 17.2.32630.192
MinimumVisualStudioVersion = 10.0.40219.1
Project("{FAE04EC0-301F-11D3-BF4B-00C04F79EFBC}") = "ProblemALG007A", "ProblemALG007A\ProblemALG007A.csproj", "{5CE389C7-8830-4D59-8A56-ACCA5A577B9B}"
EndProject
Global
	GlobalSection(SolutionConfigurationPlatforms) = preSolution
		Debug|Any CPU = Debug|Any CPU
		Release|Any CPU = Release|Any CPU
	EndGlobalSection
	GlobalSection(ProjectConfigurationPlatforms) = postSolution
		{5CE389C7-8830-4D59-8A56-ACCA5A577B9B}.Debug|Any CPU.ActiveCfg = Debug|Any CPU
		{5CE389C7-8830-4D59-8A56-ACCA5A577B9B}.Debug|Any CPU.Build.0 = Debug|Any CPU
		{5CE389C7-8830-4D59-8A56-ACCA5A577B9B}.Release|Any CPU.ActiveCfg = Release|Any CPU
		{5CE389C7-8830-4D59-8A56-ACCA5A577B9B}.Release|Any CPU.Build.0 = Release|Any CPU
	EndGlobalSection
	GlobalSection(SolutionProperties) = preSolution
		HideSolutionNode = FALSE
	EndGlobalSection
	GlobalSection(ExtensibilityGlobals) = postSolution
		SolutionGuid = {E3B2E09A-E38C-4DC9-BCDA-01C7C612689F}
	EndGlobalSection
EndGlobal
